
Microsoft Visual Studio Solution File, Format Version 12.00
# Visual Studio Version 17
VisualStudioVersion = 17.6.33829.357
MinimumVisualStudioVersion = 10.0.40219.1
Project("{9A19103F-16F7-4668-BE54-9A1E7A4F7556}") = "amore_api", "amore_api\amore_api.csproj", "{DD04FBB2-CC0D-4E10-A912-77D54515BE91}"
EndProject
Project("{FAE04EC0-301F-11D3-BF4B-00C04F79EFBC}") = "amore_dal", "amore_dal\amore_dal.csproj", "{4A538961-EBF2-430B-B43A-28FD0B004F5A}"
EndProject
Global
	GlobalSection(SolutionConfigurationPlatforms) = preSolution
		Debug|Any CPU = Debug|Any CPU
		Release|Any CPU = Release|Any CPU
	EndGlobalSection
	GlobalSection(ProjectConfigurationPlatforms) = postSolution
		{DD04FBB2-CC0D-4E10-A912-77D54515BE91}.Debug|Any CPU.ActiveCfg = Debug|Any CPU
		{DD04FBB2-CC0D-4E10-A912-77D54515BE91}.Debug|Any CPU.Build.0 = Debug|Any CPU
		{DD04FBB2-CC0D-4E10-A912-77D54515BE91}.Release|Any CPU.ActiveCfg = Release|Any CPU
		{DD04FBB2-CC0D-4E10-A912-77D54515BE91}.Release|Any CPU.Build.0 = Release|Any CPU
		{4A538961-EBF2-430B-B43A-28FD0B004F5A}.Debug|Any CPU.ActiveCfg = Debug|Any CPU
		{4A538961-EBF2-430B-B43A-28FD0B004F5A}.Debug|Any CPU.Build.0 = Debug|Any CPU
		{4A538961-EBF2-430B-B43A-28FD0B004F5A}.Release|Any CPU.ActiveCfg = Release|Any CPU
		{4A538961-EBF2-430B-B43A-28FD0B004F5A}.Release|Any CPU.Build.0 = Release|Any CPU
	EndGlobalSection
	GlobalSection(SolutionProperties) = preSolution
		HideSolutionNode = FALSE
	EndGlobalSection
	GlobalSection(ExtensibilityGlobals) = postSolution
		SolutionGuid = {83247D5F-4E7E-4440-A44E-D9B575ECAEBC}
	EndGlobalSection
EndGlobal
